PODS:
  - ios-printer-toshiba/Simulator (0.1.0)

DEPENDENCIES:
  - ios-printer-toshiba/Simulator (from `../`)

EXTERNAL SOURCES:
  ios-printer-toshiba:
    :path: "../"

SPEC CHECKSUMS:
  ios-printer-toshiba: fdd9ae31027282a7975c3a74a798dd4cc2a55a08

PODFILE CHECKSUM: b0796e15da56b38e83518609024f76ffe66c21c6

COCOAPODS: 1.11.2
