PODS:
  - ios-printer-toshiba/Device (0.1.0)

DEPENDENCIES:
  - ios-printer-toshiba/Device (from `../`)

EXTERNAL SOURCES:
  ios-printer-toshiba:
    :path: "../"

SPEC CHECKSUMS:
  ios-printer-toshiba: 5b556d1d5c35cb69c9370b8e8aa26e3bc1c4fde4

PODFILE CHECKSUM: c98129c851caefda90b8425f35a58433d20cf57e

COCOAPODS: 1.11.2
